
Microsoft Visual Studio Solution File, Format Version 12.00
# Visual Studio Version 17
VisualStudioVersion = 17.11.35312.102
MinimumVisualStudioVersion = 10.0.40219.1
Project("{FAE04EC0-301F-11D3-BF4B-00C04F79EFBC}") = "YapiciMetotlar", "YapiciMetotlar\YapiciMetotlar.csproj", "{0BF739CF-29DD-4827-BFCA-11C0793190F2}"
EndProject
Global
	GlobalSection(SolutionConfigurationPlatforms) = preSolution
		Debug|Any CPU = Debug|Any CPU
		Release|Any CPU = Release|Any CPU
	EndGlobalSection
	GlobalSection(ProjectConfigurationPlatforms) = postSolution
		{0BF739CF-29DD-4827-BFCA-11C0793190F2}.Debug|Any CPU.ActiveCfg = Debug|Any CPU
		{0BF739CF-29DD-4827-BFCA-11C0793190F2}.Debug|Any CPU.Build.0 = Debug|Any CPU
		{0BF739CF-29DD-4827-BFCA-11C0793190F2}.Release|Any CPU.ActiveCfg = Release|Any CPU
		{0BF739CF-29DD-4827-BFCA-11C0793190F2}.Release|Any CPU.Build.0 = Release|Any CPU
	EndGlobalSection
	GlobalSection(SolutionProperties) = preSolution
		HideSolutionNode = FALSE
	EndGlobalSection
	GlobalSection(ExtensibilityGlobals) = postSolution
		SolutionGuid = {38A4488D-9873-41AD-AD94-0A09E2E4748F}
	EndGlobalSection
EndGlobal
